{
  "name": "balls",
  "version": "1.0.0",
  "lockfileVersion": 1,
  "requires": true,
  "dependencies": {
    "animejs": {
      "version": "2.2.0",
      "resolved": "https://registry.npmjs.org/animejs/-/animejs-2.2.0.tgz",
      "integrity": "sha512-suPqfRapTDhrfwxg1El8LlGz6qVGwoandR2uRQLQBxXavxkpIr9Uv2kNGrJIF7oa001jSxS5rRIXPHryKIshJg=="
    }
  }
}
